
Microsoft Visual Studio Solution File, Format Version 12.00
# Visual Studio Version 17
VisualStudioVersion = 17.0.31919.166
MinimumVisualStudioVersion = 10.0.40219.1
Project("{FAE04EC0-301F-11D3-BF4B-00C04F79EFBC}") = "CA_Proj", "CA_Proj\CA_Proj.csproj", "{6AB2F276-E286-491C-9C35-0AE13B895A3B}"
EndProject
Global
	GlobalSection(SolutionConfigurationPlatforms) = preSolution
		Debug|Any CPU = Debug|Any CPU
		Release|Any CPU = Release|Any CPU
	EndGlobalSection
	GlobalSection(ProjectConfigurationPlatforms) = postSolution
		{6AB2F276-E286-491C-9C35-0AE13B895A3B}.Debug|Any CPU.ActiveCfg = Debug|Any CPU
		{6AB2F276-E286-491C-9C35-0AE13B895A3B}.Debug|Any CPU.Build.0 = Debug|Any CPU
		{6AB2F276-E286-491C-9C35-0AE13B895A3B}.Release|Any CPU.ActiveCfg = Release|Any CPU
		{6AB2F276-E286-491C-9C35-0AE13B895A3B}.Release|Any CPU.Build.0 = Release|Any CPU
	EndGlobalSection
	GlobalSection(SolutionProperties) = preSolution
		HideSolutionNode = FALSE
	EndGlobalSection
	GlobalSection(ExtensibilityGlobals) = postSolution
		SolutionGuid = {24490FF4-C7B1-42C0-B234-17DBE44CCF0B}
	EndGlobalSection
EndGlobal
